// !$*UTF8*$!
{
	archiveVersion = 1;
	classes = {
	};
	objectVersion = 50;
	objects = {

/* Begin PBXBuildFile section */
		C264CAE7211803D70080E298 /* AppDelegate.swift in Sources */ = {isa = PBXBuildFile; fileRef = C264CAE6211803D70080E298 /* AppDelegate.swift */; };
		C264CAEC211803D70080E298 /* Main.storyboard in Resources */ = {isa = PBXBuildFile; fileRef = C264CAEA211803D70080E298 /* Main.storyboard */; };
		C264CAEE211803DB0080E298 /* Assets.xcassets in Resources */ = {isa = PBXBuildFile; fileRef = C264CAED211803DB0080E298 /* Assets.xcassets */; };
		C264CAF1211803DB0080E298 /* LaunchScreen.storyboard in Resources */ = {isa = PBXBuildFile; fileRef = C264CAEF211803DB0080E298 /* LaunchScreen.storyboard */; };
		C264CAFB211808310080E298 /* Tab1ListTableViewController.swift in Sources */ = {isa = PBXBuildFile; fileRef = C264CAFA211808310080E298 /* Tab1ListTableViewController.swift */; };
		C264CAFD2118085D0080E298 /* Tab1ListCellTableViewCell.swift in Sources */ = {isa = PBXBuildFile; fileRef = C264CAFC2118085D0080E298 /* Tab1ListCellTableViewCell.swift */; };
/* End PBXBuildFile section */

/* Begin PBXFileReference section */
		C264CAE3211803D70080E298 /* busking app.app */ = {isa = PBXFileReference; explicitFileType = wrapper.application; includeInIndex = 0; path = "busking app.app"; sourceTree = BUILT_PRODUCTS_DIR; };
		C264CAE6211803D70080E298 /* AppDelegate.swift */ = {isa = PBXFileReference; lastKnownFileType = sourcecode.swift; path = AppDelegate.swift; sourceTree = "<group>"; };
		C264CAEB211803D70080E298 /* Base */ = {isa = PBXFileReference; lastKnownFileType = file.storyboard; name = Base; path = Base.lproj/Main.storyboard; sourceTree = "<group>"; };
		C264CAED211803DB0080E298 /* Assets.xcassets */ = {isa = PBXFileReference; lastKnownFileType = folder.assetcatalog; path = Assets.xcassets; sourceTree = "<group>"; };
		C264CAF0211803DB0080E298 /* Base */ = {isa = PBXFileReference; lastKnownFileType = file.storyboard; name = Base; path = Base.lproj/LaunchScreen.storyboard; sourceTree = "<group>"; };
		C264CAF2211803DB0080E298 /* Info.plist */ = {isa = PBXFileReference; lastKnownFileType = text.plist.xml; path = Info.plist; sourceTree = "<group>"; };
		C264CAFA211808310080E298 /* Tab1ListTableViewController.swift */ = {isa = PBXFileReference; lastKnownFileType = sourcecode.swift; path = Tab1ListTableViewController.swift; sourceTree = "<group>"; };
		C264CAFC2118085D0080E298 /* Tab1ListCellTableViewCell.swift */ = {isa = PBXFileReference; lastKnownFileType = sourcecode.swift; path = Tab1ListCellTableViewCell.swift; sourceTree = "<group>"; };
/* End PBXFileReference section */

/* Begin PBXFrameworksBuildPhase section */
		C264CAE0211803D70080E298 /* Frameworks */ = {
			isa = PBXFrameworksBuildPhase;
			buildActionMask = 2147483647;
			files = (
			);
			runOnlyForDeploymentPostprocessing = 0;
		};
/* End PBXFrameworksBuildPhase section */

/* Begin PBXGroup section */
		C264CADA211803D70080E298 = {
			isa = PBXGroup;
			children = (
				C264CAE5211803D70080E298 /* busking app */,
				C264CAE4211803D70080E298 /* Products */,
			);
			sourceTree = "<group>";
		};
		C264CAE4211803D70080E298 /* Products */ = {
			isa = PBXGroup;
			children = (
				C264CAE3211803D70080E298 /* busking app.app */,
			);
			name = Products;
			sourceTree = "<group>";
		};
		C264CAE5211803D70080E298 /* busking app */ = {
			isa = PBXGroup;
			children = (
				C264CAE6211803D70080E298 /* AppDelegate.swift */,
				C264CAEA211803D70080E298 /* Main.storyboard */,
				C264CAFC2118085D0080E298 /* Tab1ListCellTableViewCell.swift */,
				C264CAFA211808310080E298 /* Tab1ListTableViewController.swift */,
				C264CAED211803DB0080E298 /* Assets.xcassets */,
				C264CAEF211803DB0080E298 /* LaunchScreen.storyboard */,
				C264CAF2211803DB0080E298 /* Info.plist */,
			);
			path = "busking app";
			sourceTree = "<group>";
		};
/* End PBXGroup section */

/* Begin PBXNativeTarget section */
		C264CAE2211803D70080E298 /* busking app */ = {
			isa = PBXNativeTarget;
			buildConfigurationList = C264CAF5211803DB0080E298 /* Build configuration list for PBXNativeTarget "busking app" */;
			buildPhases = (
				C264CADF211803D70080E298 /* Sources */,
				C264CAE0211803D70080E298 /* Frameworks */,
				C264CAE1211803D70080E298 /* Resources */,
			);
			buildRules = (
			);
			dependencies = (
			);
			name = "busking app";
			productName = "busking app";
			productReference = C264CAE3211803D70080E298 /* busking app.app */;
			productType = "com.apple.product-type.application";
		};
/* End PBXNativeTarget section */

/* Begin PBXProject section */
		C264CADB211803D70080E298 /* Project object */ = {
			isa = PBXProject;
			attributes = {
				LastSwiftUpdateCheck = 0940;
				LastUpgradeCheck = 0940;
				ORGANIZATIONNAME = kr.ac.korea;
				TargetAttributes = {
					C264CAE2211803D70080E298 = {
						CreatedOnToolsVersion = 9.4.1;
					};
				};
			};
			buildConfigurationList = C264CADE211803D70080E298 /* Build configuration list for PBXProject "busking app" */;
			compatibilityVersion = "Xcode 9.3";
			developmentRegion = en;
			hasScannedForEncodings = 0;
			knownRegions = (
				en,
				Base,
			);
			mainGroup = C264CADA211803D70080E298;
			productRefGroup = C264CAE4211803D70080E298 /* Products */;
			projectDirPath = "";
			projectRoot = "";
			targets = (
				C264CAE2211803D70080E298 /* busking app */,
			);
		};
/* End PBXProject section */

/* Begin PBXResourcesBuildPhase section */
		C264CAE1211803D70080E298 /* Resources */ = {
			isa = PBXResourcesBuildPhase;
			buildActionMask = 2147483647;
			files = (
				C264CAF1211803DB0080E298 /* LaunchScreen.storyboard in Resources */,
				C264CAEE211803DB0080E298 /* Assets.xcassets in Resources */,
				C264CAEC211803D70080E298 /* Main.storyboard in Resources */,
			);
			runOnlyForDeploymentPostprocessing = 0;
		};
/* End PBXResourcesBuildPhase section */

/* Begin PBXSourcesBuildPhase section */
		C264CADF211803D70080E298 /* Sources */ = {
			isa = PBXSourcesBuildPhase;
			buildActionMask = 2147483647;
			files = (
				C264CAE7211803D70080E298 /* AppDelegate.swift in Sources */,
				C264CAFB211808310080E298 /* Tab1ListTableViewController.swift in Sources */,
				C264CAFD2118085D0080E298 /* Tab1ListCellTableViewCell.swift in Sources */,
			);
			runOnlyForDeploymentPostprocessing = 0;
		};
/* End PBXSourcesBuildPhase section */

/* Begin PBXVariantGroup section */
		C264CAEA211803D70080E298 /* Main.storyboard */ = {
			isa = PBXVariantGroup;
			children = (
				C264CAEB211803D70080E298 /* Base */,
			);
			name = Main.storyboard;
			sourceTree = "<group>";
		};
		C264CAEF211803DB0080E298 /* LaunchScreen.storyboard */ = {
			isa = PBXVariantGroup;
			children = (
				C264CAF0211803DB0080E298 /* Base */,
			);
			name = LaunchScreen.storyboard;
			sourceTree = "<group>";
		};
/* End PBXVariantGroup section */

/* Begin XCBuildConfiguration section */
		C264CAF3211803DB0080E298 /* Debug */ = {
			isa = XCBuildConfiguration;
			buildSettings = {
				ALWAYS_SEARCH_USER_PATHS = NO;
				CLANG_ANALYZER_NONNULL = YES;
				CLANG_ANALYZER_NUMBER_OBJECT_CONVERSION = YES_AGGRESSIVE;
				CLANG_CXX_LANGUAGE_STANDARD = "gnu++14";
				CLANG_CXX_LIBRARY = "libc++";
				CLANG_ENABLE_MODULES = YES;
				CLANG_ENABLE_OBJC_ARC = YES;
				CLANG_ENABLE_OBJC_WEAK = YES;
				CLANG_WARN_BLOCK_CAPTURE_AUTORELEASING = YES;
				CLANG_WARN_BOOL_CONVERSION = YES;
				CLANG_WARN_COMMA = YES;
				CLANG_WARN_CONSTANT_CONVERSION = YES;
				CLANG_WARN_DEPRECATED_OBJC_IMPLEMENTATIONS = YES;
				CLANG_WARN_DIRECT_OBJC_ISA_USAGE = YES_ERROR;
				CLANG_WARN_DOCUMENTATION_COMMENTS = YES;
				CLANG_WARN_EMPTY_BODY = YES;
				CLANG_WARN_ENUM_CONVERSION = YES;
				CLANG_WARN_INFINITE_RECURSION = YES;
				CLANG_WARN_INT_CONVERSION = YES;
				CLANG_WARN_NON_LITERAL_NULL_CONVERSION = YES;
				CLANG_WARN_OBJC_IMPLICIT_RETAIN_SELF = YES;
				CLANG_WARN_OBJC_LITERAL_CONVERSION = YES;
				CLANG_WARN_OBJC_ROOT_CLASS = YES_ERROR;
				CLANG_WARN_RANGE_LOOP_ANALYSIS = YES;
				CLANG_WARN_STRICT_PROTOTYPES = YES;
				CLANG_WARN_SUSPICIOUS_MOVE = YES;
				CLANG_WARN_UNGUARDED_AVAILABILITY = YES_AGGRESSIVE;
				CLANG_WARN_UNREACHABLE_CODE = YES;
				CLANG_WARN__DUPLICATE_METHOD_MATCH = YES;
				CODE_SIGN_IDENTITY = "iPhone Developer";
				COPY_PHASE_STRIP = NO;
				DEBUG_INFORMATION_FORMAT = dwarf;
				ENABLE_STRICT_OBJC_MSGSEND = YES;
				ENABLE_TESTABILITY = YES;
				GCC_C_LANGUAGE_STANDARD = gnu11;
				GCC_DYNAMIC_NO_PIC = NO;
				GCC_NO_COMMON_BLOCKS = YES;
				GCC_OPTIMIZATION_LEVEL = 0;
				GCC_PREPROCESSOR_DEFINITIONS = (
					"DEBUG=1",
					"$(inherited)",
				);
				GCC_WARN_64_TO_32_BIT_CONVERSION = YES;
				GCC_WARN_ABOUT_RETURN_TYPE = YES_ERROR;
				GCC_WARN_UNDECLARED_SELECTOR = YES;
				GCC_WARN_UNINITIALIZED_AUTOS = YES_AGGRESSIVE;
				GCC_WARN_UNUSED_FUNCTION = YES;
				GCC_WARN_UNUSED_VARIABLE = YES;
				IPHONEOS_DEPLOYMENT_TARGET = 11.4;
				MTL_ENABLE_DEBUG_INFO = YES;
				ONLY_ACTIVE_ARCH = YES;
				SDKROOT = iphoneos;
				SWIFT_ACTIVE_COMPILATION_CONDITIONS = DEBUG;
				SWIFT_OPTIMIZATION_LEVEL = "-Onone";
			};
			name = Debug;
		};
		C264CAF4211803DB0080E298 /* Release */ = {
			isa = XCBuildConfiguration;
			buildSettings = {
				ALWAYS_SEARCH_USER_PATHS = NO;
				CLANG_ANALYZER_NONNULL = YES;
				CLANG_ANALYZER_NUMBER_OBJECT_CONVERSION = YES_AGGRESSIVE;
				CLANG_CXX_LANGUAGE_STANDARD = "gnu++14";
				CLANG_CXX_LIBRARY = "libc++";
				CLANG_ENABLE_MODULES = YES;
				CLANG_ENABLE_OBJC_ARC = YES;
				CLANG_ENABLE_OBJC_WEAK = YES;
				CLANG_WARN_BLOCK_CAPTURE_AUTORELEASING = YES;
				CLANG_WARN_BOOL_CONVERSION = YES;
				CLANG_WARN_COMMA = YES;
				CLANG_WARN_CONSTANT_CONVERSION = YES;
				CLANG_WARN_DEPRECATED_OBJC_IMPLEMENTATIONS = YES;
				CLANG_WARN_DIRECT_OBJC_ISA_USAGE = YES_ERROR;
				CLANG_WARN_DOCUMENTATION_COMMENTS = YES;
				CLANG_WARN_EMPTY_BODY = YES;
				CLANG_WARN_ENUM_CONVERSION = YES;
				CLANG_WARN_INFINITE_RECURSION = YES;
				CLANG_WARN_INT_CONVERSION = YES;
				CLANG_WARN_NON_LITERAL_NULL_CONVERSION = YES;
				CLANG_WARN_OBJC_IMPLICIT_RETAIN_SELF = YES;
				CLANG_WARN_OBJC_LITERAL_CONVERSION = YES;
				CLANG_WARN_OBJC_ROOT_CLASS = YES_ERROR;
				CLANG_WARN_RANGE_LOOP_ANALYSIS = YES;
				CLANG_WARN_STRICT_PROTOTYPES = YES;
				CLANG_WARN_SUSPICIOUS_MOVE = YES;
				CLANG_WARN_UNGUARDED_AVAILABILITY = YES_AGGRESSIVE;
				CLANG_WARN_UNREACHABLE_CODE = YES;
				CLANG_WARN__DUPLICATE_METHOD_MATCH = YES;
				CODE_SIGN_IDENTITY = "iPhone Developer";
				COPY_PHASE_STRIP = NO;
				DEBUG_INFORMATION_FORMAT = "dwarf-with-dsym";
				ENABLE_NS_ASSERTIONS = NO;
				ENABLE_STRICT_OBJC_MSGSEND = YES;
				GCC_C_LANGUAGE_STANDARD = gnu11;
				GCC_NO_COMMON_BLOCKS = YES;
				GCC_WARN_64_TO_32_BIT_CONVERSION = YES;
				GCC_WARN_ABOUT_RETURN_TYPE = YES_ERROR;
				GCC_WARN_UNDECLARED_SELECTOR = YES;
				GCC_WARN_UNINITIALIZED_AUTOS = YES_AGGRESSIVE;
				GCC_WARN_UNUSED_FUNCTION = YES;
				GCC_WARN_UNUSED_VARIABLE = YES;
				IPHONEOS_DEPLOYMENT_TARGET = 11.4;
				MTL_ENABLE_DEBUG_INFO = NO;
				SDKROOT = iphoneos;
				SWIFT_COMPILATION_MODE = wholemodule;
				SWIFT_OPTIMIZATION_LEVEL = "-O";
				VALIDATE_PRODUCT = YES;
			};
			name = Release;
		};
		C264CAF6211803DB0080E298 /* Debug */ = {
			isa = XCBuildConfiguration;
			buildSettings = {
				ASSETCATALOG_COMPILER_APPICON_NAME = AppIcon;
				CODE_SIGN_STYLE = Automatic;
				INFOPLIST_FILE = "busking app/Info.plist";
				LD_RUNPATH_SEARCH_PATHS = (
					"$(inherited)",
					"@executable_path/Frameworks",
				);
				PRODUCT_BUNDLE_IDENTIFIER = "kr.ac.korea.busking-app";
				PRODUCT_NAME = "$(TARGET_NAME)";
				SWIFT_VERSION = 4.0;
				TARGETED_DEVICE_FAMILY = "1,2";
			};
			name = Debug;
		};
		C264CAF7211803DB0080E298 /* Release */ = {
			isa = XCBuildConfiguration;
			buildSettings = {
				ASSETCATALOG_COMPILER_APPICON_NAME = AppIcon;
				CODE_SIGN_STYLE = Automatic;
				INFOPLIST_FILE = "busking app/Info.plist";
				LD_RUNPATH_SEARCH_PATHS = (
					"$(inherited)",
					"@executable_path/Frameworks",
				);
				PRODUCT_BUNDLE_IDENTIFIER = "kr.ac.korea.busking-app";
				PRODUCT_NAME = "$(TARGET_NAME)";
				SWIFT_VERSION = 4.0;
				TARGETED_DEVICE_FAMILY = "1,2";
			};
			name = Release;
		};
/* End XCBuildConfiguration section */

/* Begin XCConfigurationList section */
		C264CADE211803D70080E298 /* Build configuration list for PBXProject "busking app" */ = {
			isa = XCConfigurationList;
			buildConfigurations = (
				C264CAF3211803DB0080E298 /* Debug */,
				C264CAF4211803DB0080E298 /* Release */,
			);
			defaultConfigurationIsVisible = 0;
			defaultConfigurationName = Release;
		};
		C264CAF5211803DB0080E298 /* Build configuration list for PBXNativeTarget "busking app" */ = {
			isa = XCConfigurationList;
			buildConfigurations = (
				C264CAF6211803DB0080E298 /* Debug */,
				C264CAF7211803DB0080E298 /* Release */,
			);
			defaultConfigurationIsVisible = 0;
			defaultConfigurationName = Release;
		};
/* End XCConfigurationList section */
	};
	rootObject = C264CADB211803D70080E298 /* Project object */;
}
